
Microsoft Visual Studio Solution File, Format Version 12.00
# Visual Studio Version 16
VisualStudioVersion = 16.0.31112.23
MinimumVisualStudioVersion = 10.0.40219.1
Project("{FAE04EC0-301F-11D3-BF4B-00C04F79EFBC}") = "UtaitePlayer", "UtaitePlayer\UtaitePlayer.csproj", "{31CC3277-AE40-49BC-95D7-F67F72FC0E54}"
EndProject
Project("{FAE04EC0-301F-11D3-BF4B-00C04F79EFBC}") = "RHYANetwork.UtaitePlayer.Client", "RHYANetwork.UtaitePlayer.Client\RHYANetwork.UtaitePlayer.Client.csproj", "{C967FE9B-BD59-4199-8933-7EE24FE76A37}"
EndProject
Project("{FAE04EC0-301F-11D3-BF4B-00C04F79EFBC}") = "RHYANetwork.UtaitePlayer.UpdateManager", "RHYANetwork.UtaitePlayer.UpdateManager\RHYANetwork.UtaitePlayer.UpdateManager.csproj", "{0B68C703-7969-4352-B176-404E6E7F27CD}"
EndProject
Project("{FAE04EC0-301F-11D3-BF4B-00C04F79EFBC}") = "RHYANetwork.UtaitePlayer.Registry", "RHYANetwork.UtaitePlayer.Registry\RHYANetwork.UtaitePlayer.Registry.csproj", "{A7CF5E7A-A6CD-4FA3-B3F6-3402D7DFCDF6}"
EndProject
Project("{FAE04EC0-301F-11D3-BF4B-00C04F79EFBC}") = "RHYANetwork.UtaitePlayer.ExceptionHandler", "RHYANetwork.UtaitePlayer.ExceptionManager\RHYANetwork.UtaitePlayer.ExceptionHandler.csproj", "{0B39211C-827A-4794-8F67-E4A32DC1B5FC}"
EndProject
Project("{FAE04EC0-301F-11D3-BF4B-00C04F79EFBC}") = "RHYANetwork.UtaitePlayer.CryptoModule", "RHYANetwork.UtaitePlayer.CryptoModule\RHYANetwork.UtaitePlayer.CryptoModule.csproj", "{48B6FA7F-BAD6-43FF-A624-E8555F78DA5B}"
EndProject
Project("{FAE04EC0-301F-11D3-BF4B-00C04F79EFBC}") = "RHYANetwork.UtaitePlayer.DataManager", "RHYANetwork.UtaitePlayer.DataManager\RHYANetwork.UtaitePlayer.DataManager.csproj", "{3346494F-138B-4B00-B7A3-F76D3BA1B2A3}"
EndProject
Project("{FAE04EC0-301F-11D3-BF4B-00C04F79EFBC}") = "RHYANetwork.UtaitePlayer.TrayIcon", "RHYANetwork.UtaitePlayer.TrayIcon\RHYANetwork.UtaitePlayer.TrayIcon.csproj", "{494F7631-58EA-4719-9276-67F450AACFD2}"
EndProject
Project("{FAE04EC0-301F-11D3-BF4B-00C04F79EFBC}") = "RHYANetwork.UtaitePlayer.AuthCheckManager", "RHYANetwork.UtaitePlayer.AuthCheckManager\RHYANetwork.UtaitePlayer.AuthCheckManager.csproj", "{A8E4955F-5480-42D7-B2EB-2D72539803EF}"
EndProject
Project("{FAE04EC0-301F-11D3-BF4B-00C04F79EFBC}") = "RHYANetwork.UtaitePlayer.CrashHandler", "RHYANetwork.UtaitePlayer.CrashHandler\RHYANetwork.UtaitePlayer.CrashHandler.csproj", "{18E2AD2A-D5DB-471E-B895-B337E62E28D4}"
EndProject
Project("{FAE04EC0-301F-11D3-BF4B-00C04F79EFBC}") = "RHYANetwork.UtaitePlayer.ProcessKILLER", "RHYANetwork.UtaitePlayer.ProcessKILLER\RHYANetwork.UtaitePlayer.ProcessKILLER.csproj", "{040F6188-51A2-4E31-A39E-F24513978ED5}"
EndProject
Project("{FAE04EC0-301F-11D3-BF4B-00C04F79EFBC}") = "RHYANetwork.UtaitePlayer.MutexManager", "RHYANetwork.UtaitePlayer.MutexManager\RHYANetwork.UtaitePlayer.MutexManager.csproj", "{0CAD5B6C-DA78-4CC0-81AC-6B3880D924BF}"
EndProject
Project("{FAE04EC0-301F-11D3-BF4B-00C04F79EFBC}") = "RHYANetwork.UtaitePlayer.ProcessManager", "RHYANetwork.UtaitePlayer.ProcessManager\RHYANetwork.UtaitePlayer.ProcessManager.csproj", "{6201B734-7619-42FA-A230-F2BBF1319A75}"
EndProject
Global
	GlobalSection(SolutionConfigurationPlatforms) = preSolution
		Debug|Any CPU = Debug|Any CPU
		Release|Any CPU = Release|Any CPU
	EndGlobalSection
	GlobalSection(ProjectConfigurationPlatforms) = postSolution
		{31CC3277-AE40-49BC-95D7-F67F72FC0E54}.Debug|Any CPU.ActiveCfg = Debug|Any CPU
		{31CC3277-AE40-49BC-95D7-F67F72FC0E54}.Debug|Any CPU.Build.0 = Debug|Any CPU
		{31CC3277-AE40-49BC-95D7-F67F72FC0E54}.Release|Any CPU.ActiveCfg = Release|Any CPU
		{31CC3277-AE40-49BC-95D7-F67F72FC0E54}.Release|Any CPU.Build.0 = Release|Any CPU
		{C967FE9B-BD59-4199-8933-7EE24FE76A37}.Debug|Any CPU.ActiveCfg = Debug|Any CPU
		{C967FE9B-BD59-4199-8933-7EE24FE76A37}.Debug|Any CPU.Build.0 = Debug|Any CPU
		{C967FE9B-BD59-4199-8933-7EE24FE76A37}.Release|Any CPU.ActiveCfg = Release|Any CPU
		{C967FE9B-BD59-4199-8933-7EE24FE76A37}.Release|Any CPU.Build.0 = Release|Any CPU
		{0B68C703-7969-4352-B176-404E6E7F27CD}.Debug|Any CPU.ActiveCfg = Debug|Any CPU
		{0B68C703-7969-4352-B176-404E6E7F27CD}.Debug|Any CPU.Build.0 = Debug|Any CPU
		{0B68C703-7969-4352-B176-404E6E7F27CD}.Release|Any CPU.ActiveCfg = Release|Any CPU
		{0B68C703-7969-4352-B176-404E6E7F27CD}.Release|Any CPU.Build.0 = Release|Any CPU
		{A7CF5E7A-A6CD-4FA3-B3F6-3402D7DFCDF6}.Debug|Any CPU.ActiveCfg = Debug|Any CPU
		{A7CF5E7A-A6CD-4FA3-B3F6-3402D7DFCDF6}.Debug|Any CPU.Build.0 = Debug|Any CPU
		{A7CF5E7A-A6CD-4FA3-B3F6-3402D7DFCDF6}.Release|Any CPU.ActiveCfg = Release|Any CPU
		{A7CF5E7A-A6CD-4FA3-B3F6-3402D7DFCDF6}.Release|Any CPU.Build.0 = Release|Any CPU
		{0B39211C-827A-4794-8F67-E4A32DC1B5FC}.Debug|Any CPU.ActiveCfg = Debug|Any CPU
		{0B39211C-827A-4794-8F67-E4A32DC1B5FC}.Debug|Any CPU.Build.0 = Debug|Any CPU
		{0B39211C-827A-4794-8F67-E4A32DC1B5FC}.Release|Any CPU.ActiveCfg = Release|Any CPU
		{0B39211C-827A-4794-8F67-E4A32DC1B5FC}.Release|Any CPU.Build.0 = Release|Any CPU
		{48B6FA7F-BAD6-43FF-A624-E8555F78DA5B}.Debug|Any CPU.ActiveCfg = Debug|Any CPU
		{48B6FA7F-BAD6-43FF-A624-E8555F78DA5B}.Debug|Any CPU.Build.0 = Debug|Any CPU
		{48B6FA7F-BAD6-43FF-A624-E8555F78DA5B}.Release|Any CPU.ActiveCfg = Release|Any CPU
		{48B6FA7F-BAD6-43FF-A624-E8555F78DA5B}.Release|Any CPU.Build.0 = Release|Any CPU
		{3346494F-138B-4B00-B7A3-F76D3BA1B2A3}.Debug|Any CPU.ActiveCfg = Debug|Any CPU
		{3346494F-138B-4B00-B7A3-F76D3BA1B2A3}.Debug|Any CPU.Build.0 = Debug|Any CPU
		{3346494F-138B-4B00-B7A3-F76D3BA1B2A3}.Release|Any CPU.ActiveCfg = Release|Any CPU
		{3346494F-138B-4B00-B7A3-F76D3BA1B2A3}.Release|Any CPU.Build.0 = Release|Any CPU
		{494F7631-58EA-4719-9276-67F450AACFD2}.Debug|Any CPU.ActiveCfg = Debug|Any CPU
		{494F7631-58EA-4719-9276-67F450AACFD2}.Debug|Any CPU.Build.0 = Debug|Any CPU
		{494F7631-58EA-4719-9276-67F450AACFD2}.Release|Any CPU.ActiveCfg = Release|Any CPU
		{494F7631-58EA-4719-9276-67F450AACFD2}.Release|Any CPU.Build.0 = Release|Any CPU
		{A8E4955F-5480-42D7-B2EB-2D72539803EF}.Debug|Any CPU.ActiveCfg = Debug|Any CPU
		{A8E4955F-5480-42D7-B2EB-2D72539803EF}.Debug|Any CPU.Build.0 = Debug|Any CPU
		{A8E4955F-5480-42D7-B2EB-2D72539803EF}.Release|Any CPU.ActiveCfg = Release|Any CPU
		{A8E4955F-5480-42D7-B2EB-2D72539803EF}.Release|Any CPU.Build.0 = Release|Any CPU
		{18E2AD2A-D5DB-471E-B895-B337E62E28D4}.Debug|Any CPU.ActiveCfg = Debug|Any CPU
		{18E2AD2A-D5DB-471E-B895-B337E62E28D4}.Debug|Any CPU.Build.0 = Debug|Any CPU
		{18E2AD2A-D5DB-471E-B895-B337E62E28D4}.Release|Any CPU.ActiveCfg = Release|Any CPU
		{18E2AD2A-D5DB-471E-B895-B337E62E28D4}.Release|Any CPU.Build.0 = Release|Any CPU
		{040F6188-51A2-4E31-A39E-F24513978ED5}.Debug|Any CPU.ActiveCfg = Debug|Any CPU
		{040F6188-51A2-4E31-A39E-F24513978ED5}.Debug|Any CPU.Build.0 = Debug|Any CPU
		{040F6188-51A2-4E31-A39E-F24513978ED5}.Release|Any CPU.ActiveCfg = Release|Any CPU
		{040F6188-51A2-4E31-A39E-F24513978ED5}.Release|Any CPU.Build.0 = Release|Any CPU
		{0CAD5B6C-DA78-4CC0-81AC-6B3880D924BF}.Debug|Any CPU.ActiveCfg = Debug|Any CPU
		{0CAD5B6C-DA78-4CC0-81AC-6B3880D924BF}.Debug|Any CPU.Build.0 = Debug|Any CPU
		{0CAD5B6C-DA78-4CC0-81AC-6B3880D924BF}.Release|Any CPU.ActiveCfg = Release|Any CPU
		{0CAD5B6C-DA78-4CC0-81AC-6B3880D924BF}.Release|Any CPU.Build.0 = Release|Any CPU
		{6201B734-7619-42FA-A230-F2BBF1319A75}.Debug|Any CPU.ActiveCfg = Debug|Any CPU
		{6201B734-7619-42FA-A230-F2BBF1319A75}.Debug|Any CPU.Build.0 = Debug|Any CPU
		{6201B734-7619-42FA-A230-F2BBF1319A75}.Release|Any CPU.ActiveCfg = Release|Any CPU
		{6201B734-7619-42FA-A230-F2BBF1319A75}.Release|Any CPU.Build.0 = Release|Any CPU
	EndGlobalSection
	GlobalSection(SolutionProperties) = preSolution
		HideSolutionNode = FALSE
	EndGlobalSection
	GlobalSection(ExtensibilityGlobals) = postSolution
		SolutionGuid = {3187DD05-D625-4113-9E3D-120E4EF4F7CA}
	EndGlobalSection
EndGlobal
